
Microsoft Visual Studio Solution File, Format Version 12.00
# Visual Studio Version 16
VisualStudioVersion = 16.0.29926.136
MinimumVisualStudioVersion = 10.0.40219.1
Project("{FAE04EC0-301F-11D3-BF4B-00C04F79EFBC}") = "ProgrammingFundamentalsFinalExam04042020", "ProgrammingFundamentalsFinalExam04.04.2020\ProgrammingFundamentalsFinalExam04042020.csproj", "{7F7AB2A8-AD05-403E-BC0E-72D7E29E7936}"
EndProject
Project("{FAE04EC0-301F-11D3-BF4B-00C04F79EFBC}") = "Problem2.FancyBarcodes", "Problem2.FancyBarcodes\Problem2.FancyBarcodes.csproj", "{F366AEBF-8039-4447-BC34-F778B5A9F684}"
EndProject
Project("{FAE04EC0-301F-11D3-BF4B-00C04F79EFBC}") = "Problem3.HeroesofCodeandLogicVII", "Problem3.HeroesofCodeandLogicVII\Problem3.HeroesofCodeandLogicVII.csproj", "{D0803D99-C110-4468-9865-CF87D6FFFB15}"
EndProject
Global
	GlobalSection(SolutionConfigurationPlatforms) = preSolution
		Debug|Any CPU = Debug|Any CPU
		Release|Any CPU = Release|Any CPU
	EndGlobalSection
	GlobalSection(ProjectConfigurationPlatforms) = postSolution
		{7F7AB2A8-AD05-403E-BC0E-72D7E29E7936}.Debug|Any CPU.ActiveCfg = Debug|Any CPU
		{7F7AB2A8-AD05-403E-BC0E-72D7E29E7936}.Debug|Any CPU.Build.0 = Debug|Any CPU
		{7F7AB2A8-AD05-403E-BC0E-72D7E29E7936}.Release|Any CPU.ActiveCfg = Release|Any CPU
		{7F7AB2A8-AD05-403E-BC0E-72D7E29E7936}.Release|Any CPU.Build.0 = Release|Any CPU
		{F366AEBF-8039-4447-BC34-F778B5A9F684}.Debug|Any CPU.ActiveCfg = Debug|Any CPU
		{F366AEBF-8039-4447-BC34-F778B5A9F684}.Debug|Any CPU.Build.0 = Debug|Any CPU
		{F366AEBF-8039-4447-BC34-F778B5A9F684}.Release|Any CPU.ActiveCfg = Release|Any CPU
		{F366AEBF-8039-4447-BC34-F778B5A9F684}.Release|Any CPU.Build.0 = Release|Any CPU
		{D0803D99-C110-4468-9865-CF87D6FFFB15}.Debug|Any CPU.ActiveCfg = Debug|Any CPU
		{D0803D99-C110-4468-9865-CF87D6FFFB15}.Debug|Any CPU.Build.0 = Debug|Any CPU
		{D0803D99-C110-4468-9865-CF87D6FFFB15}.Release|Any CPU.ActiveCfg = Release|Any CPU
		{D0803D99-C110-4468-9865-CF87D6FFFB15}.Release|Any CPU.Build.0 = Release|Any CPU
	EndGlobalSection
	GlobalSection(SolutionProperties) = preSolution
		HideSolutionNode = FALSE
	EndGlobalSection
	GlobalSection(ExtensibilityGlobals) = postSolution
		SolutionGuid = {EA38A9AE-D33E-42D9-AA0B-5B69CF1EC978}
	EndGlobalSection
EndGlobal
