
Microsoft Visual Studio Solution File, Format Version 12.00
# Visual Studio Version 16
VisualStudioVersion = 16.0.29926.136
MinimumVisualStudioVersion = 10.0.40219.1
Project("{9A19103F-16F7-4668-BE54-9A1E7A4F7556}") = "Problem2.FancyBarcodes", "Problem2.FancyBarcodes\Problem2.FancyBarcodes.csproj", "{F366AEBF-8039-4447-BC34-F778B5A9F684}"
EndProject
Project("{9A19103F-16F7-4668-BE54-9A1E7A4F7556}") = "Problem3.HeroesofCodeandLogicVII", "Problem3.HeroesofCodeandLogicVII\Problem3.HeroesofCodeandLogicVII.csproj", "{D0803D99-C110-4468-9865-CF87D6FFFB15}"
EndProject
Project("{9A19103F-16F7-4668-BE54-9A1E7A4F7556}") = "Problem1.PasswordReset", "Problem1.PasswordReset\Problem1.PasswordReset.csproj", "{5F14C023-F69B-4786-9D50-46A8F469D566}"
EndProject
Global
	GlobalSection(SolutionConfigurationPlatforms) = preSolution
		Debug|Any CPU = Debug|Any CPU
		Release|Any CPU = Release|Any CPU
	EndGlobalSection
	GlobalSection(ProjectConfigurationPlatforms) = postSolution
		{F366AEBF-8039-4447-BC34-F778B5A9F684}.Debug|Any CPU.ActiveCfg = Debug|Any CPU
		{F366AEBF-8039-4447-BC34-F778B5A9F684}.Debug|Any CPU.Build.0 = Debug|Any CPU
		{F366AEBF-8039-4447-BC34-F778B5A9F684}.Release|Any CPU.ActiveCfg = Release|Any CPU
		{F366AEBF-8039-4447-BC34-F778B5A9F684}.Release|Any CPU.Build.0 = Release|Any CPU
		{D0803D99-C110-4468-9865-CF87D6FFFB15}.Debug|Any CPU.ActiveCfg = Debug|Any CPU
		{D0803D99-C110-4468-9865-CF87D6FFFB15}.Debug|Any CPU.Build.0 = Debug|Any CPU
		{D0803D99-C110-4468-9865-CF87D6FFFB15}.Release|Any CPU.ActiveCfg = Release|Any CPU
		{D0803D99-C110-4468-9865-CF87D6FFFB15}.Release|Any CPU.Build.0 = Release|Any CPU
		{5F14C023-F69B-4786-9D50-46A8F469D566}.Debug|Any CPU.ActiveCfg = Debug|Any CPU
		{5F14C023-F69B-4786-9D50-46A8F469D566}.Debug|Any CPU.Build.0 = Debug|Any CPU
		{5F14C023-F69B-4786-9D50-46A8F469D566}.Release|Any CPU.ActiveCfg = Release|Any CPU
		{5F14C023-F69B-4786-9D50-46A8F469D566}.Release|Any CPU.Build.0 = Release|Any CPU
	EndGlobalSection
	GlobalSection(SolutionProperties) = preSolution
		HideSolutionNode = FALSE
	EndGlobalSection
	GlobalSection(ExtensibilityGlobals) = postSolution
		SolutionGuid = {EA38A9AE-D33E-42D9-AA0B-5B69CF1EC978}
	EndGlobalSection
EndGlobal
